
Microsoft Visual Studio Solution File, Format Version 12.00
# Visual Studio Version 16
VisualStudioVersion = 16.0.29509.3
MinimumVisualStudioVersion = 10.0.40219.1
Project("{FAE04EC0-301F-11D3-BF4B-00C04F79EFBC}") = "eActForm", "eActForm\eActForm.csproj", "{F2ED982E-1CCB-455B-AB47-758AEC9C6A25}"
EndProject
Project("{FAE04EC0-301F-11D3-BF4B-00C04F79EFBC}") = "eActConsoleService", "eActConsoleService\eActConsoleService.csproj", "{A9699C55-EC59-446E-BFFB-98E0FF3805E5}"
EndProject
Project("{FAE04EC0-301F-11D3-BF4B-00C04F79EFBC}") = "WebLibrary", "WebLibrary\WebLibrary.csproj", "{915AE4CE-4607-4E97-9329-2F6D8B5C4569}"
EndProject
Project("{FAE04EC0-301F-11D3-BF4B-00C04F79EFBC}") = "eForms.Models", "eForms.Models\eForms.Models.csproj", "{43F0B5DC-E0FB-4330-A1FA-E666FFE7E04B}"
EndProject
Project("{FAE04EC0-301F-11D3-BF4B-00C04F79EFBC}") = "eForms.Presenter", "eForms.Presenter\eForms.Presenter.csproj", "{7D8303A1-BCDC-4184-B676-12A9263F0686}"
EndProject
Project("{FAE04EC0-301F-11D3-BF4B-00C04F79EFBC}") = "eActConsoleServiceWeekly", "eActConsoleServiceWeekly\eActConsoleServiceWeekly.csproj", "{0C30C195-A752-4015-A38F-F3E2C82E182B}"
EndProject
Project("{FAE04EC0-301F-11D3-BF4B-00C04F79EFBC}") = "updateDataReportTBM", "updateDataReportTBM\updateDataReportTBM.csproj", "{D17D1720-37CD-4743-84E4-8A8CBC5E7C99}"
EndProject
Global
	GlobalSection(SolutionConfigurationPlatforms) = preSolution
		Debug|Any CPU = Debug|Any CPU
		Release|Any CPU = Release|Any CPU
	EndGlobalSection
	GlobalSection(ProjectConfigurationPlatforms) = postSolution
		{F2ED982E-1CCB-455B-AB47-758AEC9C6A25}.Debug|Any CPU.ActiveCfg = Debug|Any CPU
		{F2ED982E-1CCB-455B-AB47-758AEC9C6A25}.Debug|Any CPU.Build.0 = Debug|Any CPU
		{F2ED982E-1CCB-455B-AB47-758AEC9C6A25}.Release|Any CPU.ActiveCfg = Release|Any CPU
		{F2ED982E-1CCB-455B-AB47-758AEC9C6A25}.Release|Any CPU.Build.0 = Release|Any CPU
		{A9699C55-EC59-446E-BFFB-98E0FF3805E5}.Debug|Any CPU.ActiveCfg = Debug|Any CPU
		{A9699C55-EC59-446E-BFFB-98E0FF3805E5}.Debug|Any CPU.Build.0 = Debug|Any CPU
		{A9699C55-EC59-446E-BFFB-98E0FF3805E5}.Release|Any CPU.ActiveCfg = Release|Any CPU
		{A9699C55-EC59-446E-BFFB-98E0FF3805E5}.Release|Any CPU.Build.0 = Release|Any CPU
		{915AE4CE-4607-4E97-9329-2F6D8B5C4569}.Debug|Any CPU.ActiveCfg = Debug|Any CPU
		{915AE4CE-4607-4E97-9329-2F6D8B5C4569}.Debug|Any CPU.Build.0 = Debug|Any CPU
		{915AE4CE-4607-4E97-9329-2F6D8B5C4569}.Release|Any CPU.ActiveCfg = Release|Any CPU
		{915AE4CE-4607-4E97-9329-2F6D8B5C4569}.Release|Any CPU.Build.0 = Release|Any CPU
		{43F0B5DC-E0FB-4330-A1FA-E666FFE7E04B}.Debug|Any CPU.ActiveCfg = Debug|Any CPU
		{43F0B5DC-E0FB-4330-A1FA-E666FFE7E04B}.Debug|Any CPU.Build.0 = Debug|Any CPU
		{43F0B5DC-E0FB-4330-A1FA-E666FFE7E04B}.Release|Any CPU.ActiveCfg = Release|Any CPU
		{43F0B5DC-E0FB-4330-A1FA-E666FFE7E04B}.Release|Any CPU.Build.0 = Release|Any CPU
		{7D8303A1-BCDC-4184-B676-12A9263F0686}.Debug|Any CPU.ActiveCfg = Debug|Any CPU
		{7D8303A1-BCDC-4184-B676-12A9263F0686}.Debug|Any CPU.Build.0 = Debug|Any CPU
		{7D8303A1-BCDC-4184-B676-12A9263F0686}.Release|Any CPU.ActiveCfg = Release|Any CPU
		{7D8303A1-BCDC-4184-B676-12A9263F0686}.Release|Any CPU.Build.0 = Release|Any CPU
		{0C30C195-A752-4015-A38F-F3E2C82E182B}.Debug|Any CPU.ActiveCfg = Debug|Any CPU
		{0C30C195-A752-4015-A38F-F3E2C82E182B}.Debug|Any CPU.Build.0 = Debug|Any CPU
		{0C30C195-A752-4015-A38F-F3E2C82E182B}.Release|Any CPU.ActiveCfg = Release|Any CPU
		{0C30C195-A752-4015-A38F-F3E2C82E182B}.Release|Any CPU.Build.0 = Release|Any CPU
		{D17D1720-37CD-4743-84E4-8A8CBC5E7C99}.Debug|Any CPU.ActiveCfg = Debug|Any CPU
		{D17D1720-37CD-4743-84E4-8A8CBC5E7C99}.Debug|Any CPU.Build.0 = Debug|Any CPU
		{D17D1720-37CD-4743-84E4-8A8CBC5E7C99}.Release|Any CPU.ActiveCfg = Release|Any CPU
		{D17D1720-37CD-4743-84E4-8A8CBC5E7C99}.Release|Any CPU.Build.0 = Release|Any CPU
	EndGlobalSection
	GlobalSection(SolutionProperties) = preSolution
		HideSolutionNode = FALSE
	EndGlobalSection
	GlobalSection(ExtensibilityGlobals) = postSolution
		SolutionGuid = {ADAAB297-AD1C-4646-A4B8-2520EF28F661}
	EndGlobalSection
EndGlobal
