
Microsoft Visual Studio Solution File, Format Version 12.00
# Visual Studio 15
VisualStudioVersion = 15.0.27703.2018
MinimumVisualStudioVersion = 10.0.40219.1
Project("{FAE04EC0-301F-11D3-BF4B-00C04F79EFBC}") = "eActForm", "eActForm\eActForm.csproj", "{F2ED982E-1CCB-455B-AB47-758AEC9C6A25}"
EndProject
Project("{FAE04EC0-301F-11D3-BF4B-00C04F79EFBC}") = "eActConsoleService", "eActConsoleService\eActConsoleService.csproj", "{A9699C55-EC59-446E-BFFB-98E0FF3805E5}"
EndProject
Global
	GlobalSection(SolutionConfigurationPlatforms) = preSolution
		Debug|Any CPU = Debug|Any CPU
		Release|Any CPU = Release|Any CPU
	EndGlobalSection
	GlobalSection(ProjectConfigurationPlatforms) = postSolution
		{F2ED982E-1CCB-455B-AB47-758AEC9C6A25}.Debug|Any CPU.ActiveCfg = Debug|Any CPU
		{F2ED982E-1CCB-455B-AB47-758AEC9C6A25}.Debug|Any CPU.Build.0 = Debug|Any CPU
		{F2ED982E-1CCB-455B-AB47-758AEC9C6A25}.Release|Any CPU.ActiveCfg = Release|Any CPU
		{F2ED982E-1CCB-455B-AB47-758AEC9C6A25}.Release|Any CPU.Build.0 = Release|Any CPU
		{A9699C55-EC59-446E-BFFB-98E0FF3805E5}.Debug|Any CPU.ActiveCfg = Debug|Any CPU
		{A9699C55-EC59-446E-BFFB-98E0FF3805E5}.Debug|Any CPU.Build.0 = Debug|Any CPU
		{A9699C55-EC59-446E-BFFB-98E0FF3805E5}.Release|Any CPU.ActiveCfg = Release|Any CPU
		{A9699C55-EC59-446E-BFFB-98E0FF3805E5}.Release|Any CPU.Build.0 = Release|Any CPU
	EndGlobalSection
	GlobalSection(SolutionProperties) = preSolution
		HideSolutionNode = FALSE
	EndGlobalSection
	GlobalSection(ExtensibilityGlobals) = postSolution
		SolutionGuid = {ADAAB297-AD1C-4646-A4B8-2520EF28F661}
	EndGlobalSection
EndGlobal
